
Microsoft Visual Studio Solution File, Format Version 12.00
# Visual Studio Version 16
VisualStudioVersion = 16.0.33027.164
MinimumVisualStudioVersion = 10.0.40219.1
Project("{FAE04EC0-301F-11D3-BF4B-00C04F79EFBC}") = "DevIO.AppMvc", "src\DevIO.AppMvc\DevIO.AppMvc.csproj", "{C9C4B5D8-CFCA-40FA-BAF3-639F3EE527C1}"
EndProject
Project("{FAE04EC0-301F-11D3-BF4B-00C04F79EFBC}") = "DevIO.Business", "src\DevIO.Business\DevIO.Business.csproj", "{546A12CE-4E2E-463C-B74B-A884DC538190}"
EndProject
Project("{FAE04EC0-301F-11D3-BF4B-00C04F79EFBC}") = "DevIO.Infra", "src\DevIO.Infra\DevIO.Infra.csproj", "{AE9EE01E-48E9-4249-86E9-7543378AFBE7}"
EndProject
Global
	GlobalSection(SolutionConfigurationPlatforms) = preSolution
		Debug|Any CPU = Debug|Any CPU
		Release|Any CPU = Release|Any CPU
	EndGlobalSection
	GlobalSection(ProjectConfigurationPlatforms) = postSolution
		{C9C4B5D8-CFCA-40FA-BAF3-639F3EE527C1}.Debug|Any CPU.ActiveCfg = Debug|Any CPU
		{C9C4B5D8-CFCA-40FA-BAF3-639F3EE527C1}.Debug|Any CPU.Build.0 = Debug|Any CPU
		{C9C4B5D8-CFCA-40FA-BAF3-639F3EE527C1}.Release|Any CPU.ActiveCfg = Release|Any CPU
		{C9C4B5D8-CFCA-40FA-BAF3-639F3EE527C1}.Release|Any CPU.Build.0 = Release|Any CPU
		{546A12CE-4E2E-463C-B74B-A884DC538190}.Debug|Any CPU.ActiveCfg = Debug|Any CPU
		{546A12CE-4E2E-463C-B74B-A884DC538190}.Debug|Any CPU.Build.0 = Debug|Any CPU
		{546A12CE-4E2E-463C-B74B-A884DC538190}.Release|Any CPU.ActiveCfg = Release|Any CPU
		{546A12CE-4E2E-463C-B74B-A884DC538190}.Release|Any CPU.Build.0 = Release|Any CPU
		{AE9EE01E-48E9-4249-86E9-7543378AFBE7}.Debug|Any CPU.ActiveCfg = Debug|Any CPU
		{AE9EE01E-48E9-4249-86E9-7543378AFBE7}.Debug|Any CPU.Build.0 = Debug|Any CPU
		{AE9EE01E-48E9-4249-86E9-7543378AFBE7}.Release|Any CPU.ActiveCfg = Release|Any CPU
		{AE9EE01E-48E9-4249-86E9-7543378AFBE7}.Release|Any CPU.Build.0 = Release|Any CPU
	EndGlobalSection
	GlobalSection(SolutionProperties) = preSolution
		HideSolutionNode = FALSE
	EndGlobalSection
	GlobalSection(ExtensibilityGlobals) = postSolution
		SolutionGuid = {17E9130F-BDC4-46AE-B956-03C3B8CACA60}
	EndGlobalSection
EndGlobal
